
Microsoft Visual Studio Solution File, Format Version 12.00
# Visual Studio Version 17
VisualStudioVersion = 17.4.33205.214
MinimumVisualStudioVersion = 10.0.40219.1
Project("{9A19103F-16F7-4668-BE54-9A1E7A4F7556}") = "BethanysPieShop", "BethanysPieShop.csproj", "{2F11EE0C-E902-4B1F-B082-01FD68C2B0E2}"
EndProject
Project("{9A19103F-16F7-4668-BE54-9A1E7A4F7556}") = "BethanysPieShopTests", "..\BethanysPieShopTests\BethanysPieShopTests.csproj", "{E6CA4AE6-E57E-4E5E-94D8-0C81AFEC0F2A}"
EndProject
Global
	GlobalSection(SolutionConfigurationPlatforms) = preSolution
		Debug|Any CPU = Debug|Any CPU
		Release|Any CPU = Release|Any CPU
	EndGlobalSection
	GlobalSection(ProjectConfigurationPlatforms) = postSolution
		{2F11EE0C-E902-4B1F-B082-01FD68C2B0E2}.Debug|Any CPU.ActiveCfg = Debug|Any CPU
		{2F11EE0C-E902-4B1F-B082-01FD68C2B0E2}.Debug|Any CPU.Build.0 = Debug|Any CPU
		{2F11EE0C-E902-4B1F-B082-01FD68C2B0E2}.Release|Any CPU.ActiveCfg = Release|Any CPU
		{2F11EE0C-E902-4B1F-B082-01FD68C2B0E2}.Release|Any CPU.Build.0 = Release|Any CPU
		{E6CA4AE6-E57E-4E5E-94D8-0C81AFEC0F2A}.Debug|Any CPU.ActiveCfg = Debug|Any CPU
		{E6CA4AE6-E57E-4E5E-94D8-0C81AFEC0F2A}.Debug|Any CPU.Build.0 = Debug|Any CPU
		{E6CA4AE6-E57E-4E5E-94D8-0C81AFEC0F2A}.Release|Any CPU.ActiveCfg = Release|Any CPU
		{E6CA4AE6-E57E-4E5E-94D8-0C81AFEC0F2A}.Release|Any CPU.Build.0 = Release|Any CPU
	EndGlobalSection
	GlobalSection(SolutionProperties) = preSolution
		HideSolutionNode = FALSE
	EndGlobalSection
	GlobalSection(ExtensibilityGlobals) = postSolution
		SolutionGuid = {8E87D481-8CB0-4A1E-B2DB-1955E2CAA055}
	EndGlobalSection
EndGlobal
